
Microsoft Visual Studio Solution File, Format Version 12.00
# Visual Studio Version 17
VisualStudioVersion = 17.0.32002.185
MinimumVisualStudioVersion = 10.0.40219.1
Project("{FAE04EC0-301F-11D3-BF4B-00C04F79EFBC}") = "freelancer.land", "src\freelancer.land\freelancer.land.csproj", "{27C6B6B2-B5CE-4B03-9B78-3CCFE52C11D3}"
EndProject
Global
	GlobalSection(SolutionConfigurationPlatforms) = preSolution
		Debug|Any CPU = Debug|Any CPU
		Release|Any CPU = Release|Any CPU
	EndGlobalSection
	GlobalSection(ProjectConfigurationPlatforms) = postSolution
		{27C6B6B2-B5CE-4B03-9B78-3CCFE52C11D3}.Debug|Any CPU.ActiveCfg = Debug|Any CPU
		{27C6B6B2-B5CE-4B03-9B78-3CCFE52C11D3}.Debug|Any CPU.Build.0 = Debug|Any CPU
		{27C6B6B2-B5CE-4B03-9B78-3CCFE52C11D3}.Release|Any CPU.ActiveCfg = Release|Any CPU
		{27C6B6B2-B5CE-4B03-9B78-3CCFE52C11D3}.Release|Any CPU.Build.0 = Release|Any CPU
	EndGlobalSection
	GlobalSection(SolutionProperties) = preSolution
		HideSolutionNode = FALSE
	EndGlobalSection
	GlobalSection(ExtensibilityGlobals) = postSolution
		SolutionGuid = {A3F6AD4F-52F1-4C50-BFF2-ED3EBEE398F4}
	EndGlobalSection
EndGlobal
